
Microsoft Visual Studio Solution File, Format Version 12.00
# Visual Studio Version 17
VisualStudioVersion = 17.8.34525.116
MinimumVisualStudioVersion = 10.0.40219.1
Project("{2150E333-8FDC-42A3-9474-1A3956D46DE8}") = "1-Mottu.Api", "1-Mottu.Api", "{F1140E67-5A79-43EC-AB89-E1767C701435}"
EndProject
Project("{2150E333-8FDC-42A3-9474-1A3956D46DE8}") = "4-Mottu.Domain", "4-Mottu.Domain", "{F9E7827C-8B9D-404F-BC16-1782BAC3AD10}"
EndProject
Project("{2150E333-8FDC-42A3-9474-1A3956D46DE8}") = "2-Mottu", "2-Mottu", "{E4176D1F-3A6B-4CC2-85BF-C64A1417D778}"
EndProject
Project("{2150E333-8FDC-42A3-9474-1A3956D46DE8}") = "5-Mottu.CrossCutting", "5-Mottu.CrossCutting", "{6FA3B25E-FBEB-412D-9FAB-4E3FDFC84915}"
EndProject
Project("{9A19103F-16F7-4668-BE54-9A1E7A4F7556}") = "Mottu.Domain", "Mottu.Domain\Mottu.Domain.csproj", "{7FF60934-D977-442D-8908-937945E72330}"
EndProject
Project("{9A19103F-16F7-4668-BE54-9A1E7A4F7556}") = "Mottu.CrossCutting", "Mottu.CrossCutting\Mottu.CrossCutting.csproj", "{76E2B23C-D26C-4610-843B-E23106DF00F8}"
EndProject
Project("{9A19103F-16F7-4668-BE54-9A1E7A4F7556}") = "Mottu.Api", "Mottu.Api\Mottu.Api.csproj", "{A13E2B4D-C526-42E8-86AE-FD33A400BBA0}"
EndProject
Project("{2150E333-8FDC-42A3-9474-1A3956D46DE8}") = "6-Mottu.Messaging", "6-Mottu.Messaging", "{B3B9ED24-50D1-4E54-BCC8-A969DD6BED3A}"
EndProject
Project("{2150E333-8FDC-42A3-9474-1A3956D46DE8}") = "3-Mottu", "3-Mottu", "{367306A1-5E4E-47C8-838D-016413C5755F}"
EndProject
Project("{9A19103F-16F7-4668-BE54-9A1E7A4F7556}") = "OrderConsumer", "OrderConsumer\OrderConsumer.csproj", "{1F79EE2C-BAE4-4E0F-B5F1-C9D6DF365DEE}"
EndProject
Project("{2150E333-8FDC-42A3-9474-1A3956D46DE8}") = "Solution Items", "Solution Items", "{68CAF799-5F19-42D2-AD1D-501AE6E6B72F}"
	ProjectSection(SolutionItems) = preProject
		.editorconfig = .editorconfig
	EndProjectSection
EndProject
Global
	GlobalSection(SolutionConfigurationPlatforms) = preSolution
		Debug|Any CPU = Debug|Any CPU
		Release|Any CPU = Release|Any CPU
	EndGlobalSection
	GlobalSection(ProjectConfigurationPlatforms) = postSolution
		{7FF60934-D977-442D-8908-937945E72330}.Debug|Any CPU.ActiveCfg = Debug|Any CPU
		{7FF60934-D977-442D-8908-937945E72330}.Debug|Any CPU.Build.0 = Debug|Any CPU
		{7FF60934-D977-442D-8908-937945E72330}.Release|Any CPU.ActiveCfg = Release|Any CPU
		{7FF60934-D977-442D-8908-937945E72330}.Release|Any CPU.Build.0 = Release|Any CPU
		{76E2B23C-D26C-4610-843B-E23106DF00F8}.Debug|Any CPU.ActiveCfg = Debug|Any CPU
		{76E2B23C-D26C-4610-843B-E23106DF00F8}.Debug|Any CPU.Build.0 = Debug|Any CPU
		{76E2B23C-D26C-4610-843B-E23106DF00F8}.Release|Any CPU.ActiveCfg = Release|Any CPU
		{76E2B23C-D26C-4610-843B-E23106DF00F8}.Release|Any CPU.Build.0 = Release|Any CPU
		{A13E2B4D-C526-42E8-86AE-FD33A400BBA0}.Debug|Any CPU.ActiveCfg = Debug|Any CPU
		{A13E2B4D-C526-42E8-86AE-FD33A400BBA0}.Debug|Any CPU.Build.0 = Debug|Any CPU
		{A13E2B4D-C526-42E8-86AE-FD33A400BBA0}.Release|Any CPU.ActiveCfg = Release|Any CPU
		{A13E2B4D-C526-42E8-86AE-FD33A400BBA0}.Release|Any CPU.Build.0 = Release|Any CPU
		{1F79EE2C-BAE4-4E0F-B5F1-C9D6DF365DEE}.Debug|Any CPU.ActiveCfg = Debug|Any CPU
		{1F79EE2C-BAE4-4E0F-B5F1-C9D6DF365DEE}.Debug|Any CPU.Build.0 = Debug|Any CPU
		{1F79EE2C-BAE4-4E0F-B5F1-C9D6DF365DEE}.Release|Any CPU.ActiveCfg = Release|Any CPU
		{1F79EE2C-BAE4-4E0F-B5F1-C9D6DF365DEE}.Release|Any CPU.Build.0 = Release|Any CPU
	EndGlobalSection
	GlobalSection(SolutionProperties) = preSolution
		HideSolutionNode = FALSE
	EndGlobalSection
	GlobalSection(NestedProjects) = preSolution
		{7FF60934-D977-442D-8908-937945E72330} = {F9E7827C-8B9D-404F-BC16-1782BAC3AD10}
		{76E2B23C-D26C-4610-843B-E23106DF00F8} = {6FA3B25E-FBEB-412D-9FAB-4E3FDFC84915}
		{A13E2B4D-C526-42E8-86AE-FD33A400BBA0} = {F1140E67-5A79-43EC-AB89-E1767C701435}
		{1F79EE2C-BAE4-4E0F-B5F1-C9D6DF365DEE} = {B3B9ED24-50D1-4E54-BCC8-A969DD6BED3A}
	EndGlobalSection
	GlobalSection(ExtensibilityGlobals) = postSolution
		SolutionGuid = {8984CE1F-6228-4C72-8F36-F749FACED65D}
	EndGlobalSection
EndGlobal
